
Microsoft Visual Studio Solution File, Format Version 12.00
# Visual Studio Version 17
VisualStudioVersion = 17.5.002.0
MinimumVisualStudioVersion = 10.0.40219.1
Project("{2150E333-8FDC-42A3-9474-1A3956D46DE8}") = "src", "src", "{8B39428A-F0E3-4A99-8C83-A33A78C0A51F}"
EndProject
Project("{9A19103F-16F7-4668-BE54-9A1E7A4F7556}") = "DependencyInjection", "src\DependencyInjection\DependencyInjection.csproj", "{172944AD-F092-4123-BC77-27A73C69CF36}"
EndProject
Project("{2150E333-8FDC-42A3-9474-1A3956D46DE8}") = "tests", "tests", "{3D8906A9-B529-4659-B24C-52DDB1488438}"
EndProject
Project("{FAE04EC0-301F-11D3-BF4B-00C04F79EFBC}") = "DependencyInjection.Tests", "tests\DependencyInjection.Tests\DependencyInjection.Tests.csproj", "{7EA1A9C6-15C5-401E-B8E6-D8ECA73CE2C9}"
EndProject
Global
	GlobalSection(SolutionConfigurationPlatforms) = preSolution
		Debug|Any CPU = Debug|Any CPU
		Release|Any CPU = Release|Any CPU
	EndGlobalSection
	GlobalSection(ProjectConfigurationPlatforms) = postSolution
		{172944AD-F092-4123-BC77-27A73C69CF36}.Debug|Any CPU.ActiveCfg = Debug|Any CPU
		{172944AD-F092-4123-BC77-27A73C69CF36}.Debug|Any CPU.Build.0 = Debug|Any CPU
		{172944AD-F092-4123-BC77-27A73C69CF36}.Release|Any CPU.ActiveCfg = Release|Any CPU
		{172944AD-F092-4123-BC77-27A73C69CF36}.Release|Any CPU.Build.0 = Release|Any CPU
		{7EA1A9C6-15C5-401E-B8E6-D8ECA73CE2C9}.Debug|Any CPU.ActiveCfg = Debug|Any CPU
		{7EA1A9C6-15C5-401E-B8E6-D8ECA73CE2C9}.Debug|Any CPU.Build.0 = Debug|Any CPU
		{7EA1A9C6-15C5-401E-B8E6-D8ECA73CE2C9}.Release|Any CPU.ActiveCfg = Release|Any CPU
		{7EA1A9C6-15C5-401E-B8E6-D8ECA73CE2C9}.Release|Any CPU.Build.0 = Release|Any CPU
	EndGlobalSection
	GlobalSection(SolutionProperties) = preSolution
		HideSolutionNode = FALSE
	EndGlobalSection
	GlobalSection(NestedProjects) = preSolution
		{172944AD-F092-4123-BC77-27A73C69CF36} = {8B39428A-F0E3-4A99-8C83-A33A78C0A51F}
		{7EA1A9C6-15C5-401E-B8E6-D8ECA73CE2C9} = {3D8906A9-B529-4659-B24C-52DDB1488438}
	EndGlobalSection
	GlobalSection(ExtensibilityGlobals) = postSolution
		SolutionGuid = {FE45CE44-4513-4255-81ED-FF7AE305F2DB}
	EndGlobalSection
EndGlobal
